
Microsoft Visual Studio Solution File, Format Version 12.00
# Visual Studio Version 17
VisualStudioVersion = 17.4.33205.214
MinimumVisualStudioVersion = 10.0.40219.1
Project("{FAE04EC0-301F-11D3-BF4B-00C04F79EFBC}") = "Entities", "Entities\Entities.csproj", "{63341534-6A51-4696-B058-BAB0B616A297}"
EndProject
Project("{FAE04EC0-301F-11D3-BF4B-00C04F79EFBC}") = "Business", "Business\Business.csproj", "{B30447AA-389F-41BB-93B6-CDBE0524B25F}"
EndProject
Project("{FAE04EC0-301F-11D3-BF4B-00C04F79EFBC}") = "DataAccess", "DataAccess\DataAccess.csproj", "{6BF7D498-52C9-4B3F-8A58-36ECD3365A77}"
EndProject
Project("{FAE04EC0-301F-11D3-BF4B-00C04F79EFBC}") = "Core", "Core\Core.csproj", "{0062E8AB-6C0C-4813-932F-49B9740F0E27}"
EndProject
Global
	GlobalSection(SolutionConfigurationPlatforms) = preSolution
		Debug|Any CPU = Debug|Any CPU
		Release|Any CPU = Release|Any CPU
	EndGlobalSection
	GlobalSection(ProjectConfigurationPlatforms) = postSolution
		{63341534-6A51-4696-B058-BAB0B616A297}.Debug|Any CPU.ActiveCfg = Debug|Any CPU
		{63341534-6A51-4696-B058-BAB0B616A297}.Debug|Any CPU.Build.0 = Debug|Any CPU
		{63341534-6A51-4696-B058-BAB0B616A297}.Release|Any CPU.ActiveCfg = Release|Any CPU
		{63341534-6A51-4696-B058-BAB0B616A297}.Release|Any CPU.Build.0 = Release|Any CPU
		{B30447AA-389F-41BB-93B6-CDBE0524B25F}.Debug|Any CPU.ActiveCfg = Debug|Any CPU
		{B30447AA-389F-41BB-93B6-CDBE0524B25F}.Debug|Any CPU.Build.0 = Debug|Any CPU
		{B30447AA-389F-41BB-93B6-CDBE0524B25F}.Release|Any CPU.ActiveCfg = Release|Any CPU
		{B30447AA-389F-41BB-93B6-CDBE0524B25F}.Release|Any CPU.Build.0 = Release|Any CPU
		{6BF7D498-52C9-4B3F-8A58-36ECD3365A77}.Debug|Any CPU.ActiveCfg = Debug|Any CPU
		{6BF7D498-52C9-4B3F-8A58-36ECD3365A77}.Debug|Any CPU.Build.0 = Debug|Any CPU
		{6BF7D498-52C9-4B3F-8A58-36ECD3365A77}.Release|Any CPU.ActiveCfg = Release|Any CPU
		{6BF7D498-52C9-4B3F-8A58-36ECD3365A77}.Release|Any CPU.Build.0 = Release|Any CPU
		{0062E8AB-6C0C-4813-932F-49B9740F0E27}.Debug|Any CPU.ActiveCfg = Debug|Any CPU
		{0062E8AB-6C0C-4813-932F-49B9740F0E27}.Debug|Any CPU.Build.0 = Debug|Any CPU
		{0062E8AB-6C0C-4813-932F-49B9740F0E27}.Release|Any CPU.ActiveCfg = Release|Any CPU
		{0062E8AB-6C0C-4813-932F-49B9740F0E27}.Release|Any CPU.Build.0 = Release|Any CPU
	EndGlobalSection
	GlobalSection(SolutionProperties) = preSolution
		HideSolutionNode = FALSE
	EndGlobalSection
	GlobalSection(ExtensibilityGlobals) = postSolution
		SolutionGuid = {4B48727A-AF5A-49B5-A51C-1EEDC81E6ACD}
	EndGlobalSection
EndGlobal
